<?xml version="1.0" encoding="UTF-8" standalone="yes" ?>
<CodeBlocks_project_file>
	<FileVersion major="1" minor="6" />
	<Project>
		<Option title="vd_softModel" />
		<Option pch_mode="2" />
		<Option compiler="gcc" />
		<Build>
			<Target title="Debug">
				<Option output="bin/Debug/vd_softModel" prefix_auto="1" extension_auto="1" />
				<Option object_output="obj/Debug/" />
				<Option type="1" />
				<Option compiler="gcc" />
				<Compiler>
					<Add option="-pg" />
					<Add option="-g" />
				</Compiler>
				<Linker>
					<Add option="-pg" />
					<Add library="../../../../../../opt/opencv/build/lib/libopencv_highgui.so" />
					<Add library="../../../../../../opt/opencv/build/lib/libopencv_imgproc.so" />
					<Add library="../../../../../../opt/opencv/build/lib/libopencv_core.so" />
				</Linker>
			</Target>
			<Target title="Release">
				<Option output="bin/Release/vd_softModel" prefix_auto="1" extension_auto="1" />
				<Option object_output="obj/Release/" />
				<Option type="1" />
				<Option compiler="gcc" />
				<Compiler>
					<Add option="-O3" />
					<Add option="-pg" />
				</Compiler>
				<Linker>
					<Add option="-s" />
					<Add option="-pg" />
					<Add library="../../../../../../opt/opencv/build/lib/libopencv_core.so" />
					<Add library="../../../../../../opt/opencv/build/lib/libopencv_highgui.so" />
					<Add library="../../../../../../opt/opencv/build/lib/libopencv_imgproc.so" />
				</Linker>
			</Target>
		</Build>
		<Compiler>
			<Add option="-Wall" />
			<Add option="-fexceptions" />
		</Compiler>
		<Unit filename="car_analysis/colourRecognition.cpp" />
		<Unit filename="car_analysis/colourRecognition.h" />
		<Unit filename="car_analysis/typeRecognitionLBP.cpp" />
		<Unit filename="car_analysis/typeRecognitionLBP.h" />
		<Unit filename="car_analysis/vAnalysis.cpp" />
		<Unit filename="car_analysis/vAnalysis.h" />
		<Unit filename="common/edgeDetectionFPGA.cpp" />
		<Unit filename="common/edgeDetectionFPGA.h" />
		<Unit filename="common_vdetect/sequences.cpp" />
		<Unit filename="common_vdetect/sequences.h" />
		<Unit filename="frameImageProcessing.cpp" />
		<Unit filename="frameImageProcessing.h" />
		<Unit filename="globals.h" />
		<Unit filename="main.cpp" />
		<Unit filename="queue_roi.cpp" />
		<Unit filename="queue_roi.h" />
		<Unit filename="queue_single_lane.cpp" />
		<Unit filename="queue_single_lane.h" />
		<Unit filename="queue_system.cpp" />
		<Unit filename="queue_system.h" />
		<Unit filename="vdl_system/analyseCarPatch_day_zynq.cpp" />
		<Unit filename="vdl_system/analyseCarPatch_day_zynq.h" />
		<Unit filename="vdl_system/analyseCarPatch_night_zynq.cpp" />
		<Unit filename="vdl_system/analyseCarPatch_night_zynq.h" />
		<Unit filename="vdl_system/vdl.cpp" />
		<Unit filename="vdl_system/vdl.h" />
		<Unit filename="vdl_system/vdl_single_lane.cpp" />
		<Unit filename="vdl_system/vdl_single_lane.h" />
		<Unit filename="vdl_system/vdl_system.cpp" />
		<Unit filename="vdl_system/vdl_system.h" />
		<Extensions>
			<code_completion />
			<debugger />
		</Extensions>
	</Project>
</CodeBlocks_project_file>
